// !$*UTF8*$!
{
	archiveVersion = 1;
	classes = {
	};
	objectVersion = 56;
	objects = {

/* Begin PBXBuildFile section */
		510A5EDF2B1306E200824E5A /* TestDynamicConstraintsViewController.swift in Sources */ = {isa = PBXBuildFile; fileRef = 510A5EDE2B1306E200824E5A /* TestDynamicConstraintsViewController.swift */; };
		510EF6A12B0A339900178579 /* AppDelegate.swift in Sources */ = {isa = PBXBuildFile; fileRef = 510EF6A02B0A339900178579 /* AppDelegate.swift */; };
		510EF6A52B0A339A00178579 /* Assets.xcassets in Resources */ = {isa = PBXBuildFile; fileRef = 510EF6A42B0A339A00178579 /* Assets.xcassets */; };
		510EF6A82B0A339A00178579 /* Main.storyboard in Resources */ = {isa = PBXBuildFile; fileRef = 510EF6A62B0A339A00178579 /* Main.storyboard */; };
		515247DF2B12BEC3000DEA4F /* BrowserToolbarViewController.swift in Sources */ = {isa = PBXBuildFile; fileRef = 515247DE2B12BEC3000DEA4F /* BrowserToolbarViewController.swift */; };
		515247E02B12CB92000DEA4F /* ToolbarViewModel.swift in Sources */ = {isa = PBXBuildFile; fileRef = 5157E4CD2B0FC7FC00BB669C /* ToolbarViewModel.swift */; };
		515247E12B12CBA9000DEA4F /* BrowserContent.storyboard in Resources */ = {isa = PBXBuildFile; fileRef = 5157E4E62B12B7B100BB669C /* BrowserContent.storyboard */; };
		515247E22B12CBB7000DEA4F /* BrowserToolbarViewController.swift in Sources */ = {isa = PBXBuildFile; fileRef = 515247DE2B12BEC3000DEA4F /* BrowserToolbarViewController.swift */; };
		515247E32B12CBBE000DEA4F /* TabCollectionViewController.swift in Sources */ = {isa = PBXBuildFile; fileRef = 51DEEEBA2B0FA4DF00BEF0FE /* TabCollectionViewController.swift */; };
		515247E42B12CC4B000DEA4F /* TabCollectionViewController.xib in Resources */ = {isa = PBXBuildFile; fileRef = 51DEEEBB2B0FA4DF00BEF0FE /* TabCollectionViewController.xib */; };
		515247E62B12CC90000DEA4F /* Main.storyboard in Resources */ = {isa = PBXBuildFile; fileRef = 515247E52B12CC90000DEA4F /* Main.storyboard */; };
		5157E4CE2B0FC7FC00BB669C /* ToolbarViewModel.swift in Sources */ = {isa = PBXBuildFile; fileRef = 5157E4CD2B0FC7FC00BB669C /* ToolbarViewModel.swift */; };
		5157E4DA2B10497700BB669C /* TabCollectionTest.storyboard in Resources */ = {isa = PBXBuildFile; fileRef = 5157E4D92B10497700BB669C /* TabCollectionTest.storyboard */; };
		5157E4E52B11EC6700BB669C /* BrowserToolbar.storyboard in Resources */ = {isa = PBXBuildFile; fileRef = 5157E4E42B11EC6700BB669C /* BrowserToolbar.storyboard */; };
		5157E4E72B12B7B100BB669C /* BrowserContent.storyboard in Resources */ = {isa = PBXBuildFile; fileRef = 5157E4E62B12B7B100BB669C /* BrowserContent.storyboard */; };
		518079502B09552600F0BB5B /* KagiTabsApp.swift in Sources */ = {isa = PBXBuildFile; fileRef = 5180794F2B09552600F0BB5B /* KagiTabsApp.swift */; };
		518079522B09552600F0BB5B /* BrowserView.swift in Sources */ = {isa = PBXBuildFile; fileRef = 518079512B09552600F0BB5B /* BrowserView.swift */; };
		518079542B09552700F0BB5B /* Assets.xcassets in Resources */ = {isa = PBXBuildFile; fileRef = 518079532B09552700F0BB5B /* Assets.xcassets */; };
		518079572B09552700F0BB5B /* Preview Assets.xcassets in Resources */ = {isa = PBXBuildFile; fileRef = 518079562B09552700F0BB5B /* Preview Assets.xcassets */; };
		5180795F2B0955B900F0BB5B /* ToolbarView.swift in Sources */ = {isa = PBXBuildFile; fileRef = 5180795E2B0955B900F0BB5B /* ToolbarView.swift */; };
		518079612B096E9700F0BB5B /* TabsView.swift in Sources */ = {isa = PBXBuildFile; fileRef = 518079602B096E9700F0BB5B /* TabsView.swift */; };
		519C89B42B1410DB00A6F3EF /* TestLineLayout.xib in Resources */ = {isa = PBXBuildFile; fileRef = 519C89B32B1410DB00A6F3EF /* TestLineLayout.xib */; };
		519C89B62B14135900A6F3EF /* tiled-view-layout.swift in Sources */ = {isa = PBXBuildFile; fileRef = 519C89B52B14135900A6F3EF /* tiled-view-layout.swift */; };
		519C89B72B14137000A6F3EF /* tiled-view-layout.swift in Sources */ = {isa = PBXBuildFile; fileRef = 519C89B52B14135900A6F3EF /* tiled-view-layout.swift */; };
		51CC43072B15B65B00B9FA46 /* TestScrollViewController.swift in Sources */ = {isa = PBXBuildFile; fileRef = 5157E4DF2B10930800BB669C /* TestScrollViewController.swift */; };
		51CC43082B15B65B00B9FA46 /* TestScrollViewController.xib in Resources */ = {isa = PBXBuildFile; fileRef = 5157E4E02B10930800BB669C /* TestScrollViewController.xib */; };
		51DB99C02B0D6B1F001340C2 /* TabViewController.xib in Resources */ = {isa = PBXBuildFile; fileRef = 51DB99BF2B0D6B1F001340C2 /* TabViewController.xib */; };
		51DB99C22B0D6E3C001340C2 /* BrowserWindowController.swift in Sources */ = {isa = PBXBuildFile; fileRef = 51DB99C12B0D6E3C001340C2 /* BrowserWindowController.swift */; };
		51DB99C42B0D85E6001340C2 /* TabViewController.swift in Sources */ = {isa = PBXBuildFile; fileRef = 51DB99C32B0D85E6001340C2 /* TabViewController.swift */; };
		51DB99D02B0DD372001340C2 /* AppDelegate.swift in Sources */ = {isa = PBXBuildFile; fileRef = 51DB99CF2B0DD372001340C2 /* AppDelegate.swift */; };
		51DB99D22B0DD372001340C2 /* ViewController.swift in Sources */ = {isa = PBXBuildFile; fileRef = 51DB99D12B0DD372001340C2 /* ViewController.swift */; };
		51DB99D42B0DD373001340C2 /* Assets.xcassets in Resources */ = {isa = PBXBuildFile; fileRef = 51DB99D32B0DD373001340C2 /* Assets.xcassets */; };
		51DB99DD2B0DD611001340C2 /* TabViewController.swift in Sources */ = {isa = PBXBuildFile; fileRef = 51DB99C32B0D85E6001340C2 /* TabViewController.swift */; };
		51DB99DF2B0DD648001340C2 /* TabViewController.xib in Resources */ = {isa = PBXBuildFile; fileRef = 51DB99BF2B0D6B1F001340C2 /* TabViewController.xib */; };
		51DEEEB92B0FA11100BEF0FE /* toolbar-items.swift in Sources */ = {isa = PBXBuildFile; fileRef = 51DEEEB82B0FA11100BEF0FE /* toolbar-items.swift */; };
		51DEEEBC2B0FA4DF00BEF0FE /* TabCollectionViewController.swift in Sources */ = {isa = PBXBuildFile; fileRef = 51DEEEBA2B0FA4DF00BEF0FE /* TabCollectionViewController.swift */; };
		51DEEEBD2B0FA4DF00BEF0FE /* TabCollectionViewController.xib in Resources */ = {isa = PBXBuildFile; fileRef = 51DEEEBB2B0FA4DF00BEF0FE /* TabCollectionViewController.xib */; };
		51DF122D2B15670200E431A7 /* FlexibleToolbarItem.swift in Sources */ = {isa = PBXBuildFile; fileRef = 51DF122C2B15670200E431A7 /* FlexibleToolbarItem.swift */; };
		51DF122E2B1594D400E431A7 /* TestScrollViewController.xib in Resources */ = {isa = PBXBuildFile; fileRef = 5157E4E02B10930800BB669C /* TestScrollViewController.xib */; };
		51E4EF572B140F6200FAD2F2 /* TestScrollViewController.swift in Sources */ = {isa = PBXBuildFile; fileRef = 5157E4DF2B10930800BB669C /* TestScrollViewController.swift */; };
/* End PBXBuildFile section */

/* Begin PBXFileReference section */
		510A5EDE2B1306E200824E5A /* TestDynamicConstraintsViewController.swift */ = {isa = PBXFileReference; lastKnownFileType = sourcecode.swift; path = TestDynamicConstraintsViewController.swift; sourceTree = "<group>"; };
		510EF69E2B0A339900178579 /* KagiTabsAppKit.app */ = {isa = PBXFileReference; explicitFileType = wrapper.application; includeInIndex = 0; path = KagiTabsAppKit.app; sourceTree = BUILT_PRODUCTS_DIR; };
		510EF6A02B0A339900178579 /* AppDelegate.swift */ = {isa = PBXFileReference; lastKnownFileType = sourcecode.swift; path = AppDelegate.swift; sourceTree = "<group>"; };
		510EF6A42B0A339A00178579 /* Assets.xcassets */ = {isa = PBXFileReference; lastKnownFileType = folder.assetcatalog; path = Assets.xcassets; sourceTree = "<group>"; };
		510EF6A72B0A339A00178579 /* Base */ = {isa = PBXFileReference; lastKnownFileType = file.storyboard; name = Base; path = Base.lproj/Main.storyboard; sourceTree = "<group>"; };
		510EF6A92B0A339A00178579 /* KagiTabsAppKit.entitlements */ = {isa = PBXFileReference; lastKnownFileType = text.plist.entitlements; path = KagiTabsAppKit.entitlements; sourceTree = "<group>"; };
		515247DE2B12BEC3000DEA4F /* BrowserToolbarViewController.swift */ = {isa = PBXFileReference; lastKnownFileType = sourcecode.swift; path = BrowserToolbarViewController.swift; sourceTree = "<group>"; };
		515247E52B12CC90000DEA4F /* Main.storyboard */ = {isa = PBXFileReference; lastKnownFileType = file.storyboard; path = Main.storyboard; sourceTree = "<group>"; };
		5157E4CD2B0FC7FC00BB669C /* ToolbarViewModel.swift */ = {isa = PBXFileReference; lastKnownFileType = sourcecode.swift; path = ToolbarViewModel.swift; sourceTree = "<group>"; };
		5157E4D92B10497700BB669C /* TabCollectionTest.storyboard */ = {isa = PBXFileReference; lastKnownFileType = file.storyboard; path = TabCollectionTest.storyboard; sourceTree = "<group>"; };
		5157E4DF2B10930800BB669C /* TestScrollViewController.swift */ = {isa = PBXFileReference; lastKnownFileType = sourcecode.swift; path = TestScrollViewController.swift; sourceTree = "<group>"; };
		5157E4E02B10930800BB669C /* TestScrollViewController.xib */ = {isa = PBXFileReference; lastKnownFileType = file.xib; path = TestScrollViewController.xib; sourceTree = "<group>"; };
		5157E4E42B11EC6700BB669C /* BrowserToolbar.storyboard */ = {isa = PBXFileReference; lastKnownFileType = file.storyboard; path = BrowserToolbar.storyboard; sourceTree = "<group>"; };
		5157E4E62B12B7B100BB669C /* BrowserContent.storyboard */ = {isa = PBXFileReference; lastKnownFileType = file.storyboard; path = BrowserContent.storyboard; sourceTree = "<group>"; };
		5180794C2B09552600F0BB5B /* KagiTabs.app */ = {isa = PBXFileReference; explicitFileType = wrapper.application; includeInIndex = 0; path = KagiTabs.app; sourceTree = BUILT_PRODUCTS_DIR; };
		5180794F2B09552600F0BB5B /* KagiTabsApp.swift */ = {isa = PBXFileReference; lastKnownFileType = sourcecode.swift; path = KagiTabsApp.swift; sourceTree = "<group>"; };
		518079512B09552600F0BB5B /* BrowserView.swift */ = {isa = PBXFileReference; lastKnownFileType = sourcecode.swift; path = BrowserView.swift; sourceTree = "<group>"; };
		518079532B09552700F0BB5B /* Assets.xcassets */ = {isa = PBXFileReference; lastKnownFileType = folder.assetcatalog; path = Assets.xcassets; sourceTree = "<group>"; };
		518079562B09552700F0BB5B /* Preview Assets.xcassets */ = {isa = PBXFileReference; lastKnownFileType = folder.assetcatalog; path = "Preview Assets.xcassets"; sourceTree = "<group>"; };
		518079582B09552700F0BB5B /* KagiTabs.entitlements */ = {isa = PBXFileReference; lastKnownFileType = text.plist.entitlements; path = KagiTabs.entitlements; sourceTree = "<group>"; };
		5180795E2B0955B900F0BB5B /* ToolbarView.swift */ = {isa = PBXFileReference; lastKnownFileType = sourcecode.swift; path = ToolbarView.swift; sourceTree = "<group>"; };
		518079602B096E9700F0BB5B /* TabsView.swift */ = {isa = PBXFileReference; lastKnownFileType = sourcecode.swift; path = TabsView.swift; sourceTree = "<group>"; };
		519C89B32B1410DB00A6F3EF /* TestLineLayout.xib */ = {isa = PBXFileReference; lastKnownFileType = file.xib; path = TestLineLayout.xib; sourceTree = "<group>"; };
		519C89B52B14135900A6F3EF /* tiled-view-layout.swift */ = {isa = PBXFileReference; lastKnownFileType = sourcecode.swift; path = "tiled-view-layout.swift"; sourceTree = "<group>"; };
		51DB99BF2B0D6B1F001340C2 /* TabViewController.xib */ = {isa = PBXFileReference; lastKnownFileType = file.xib; path = TabViewController.xib; sourceTree = "<group>"; };
		51DB99C12B0D6E3C001340C2 /* BrowserWindowController.swift */ = {isa = PBXFileReference; lastKnownFileType = sourcecode.swift; path = BrowserWindowController.swift; sourceTree = "<group>"; };
		51DB99C32B0D85E6001340C2 /* TabViewController.swift */ = {isa = PBXFileReference; lastKnownFileType = sourcecode.swift; path = TabViewController.swift; sourceTree = "<group>"; };
		51DB99CD2B0DD372001340C2 /* KagiTabsPreview.app */ = {isa = PBXFileReference; explicitFileType = wrapper.application; includeInIndex = 0; path = KagiTabsPreview.app; sourceTree = BUILT_PRODUCTS_DIR; };
		51DB99CF2B0DD372001340C2 /* AppDelegate.swift */ = {isa = PBXFileReference; lastKnownFileType = sourcecode.swift; path = AppDelegate.swift; sourceTree = "<group>"; };
		51DB99D12B0DD372001340C2 /* ViewController.swift */ = {isa = PBXFileReference; lastKnownFileType = sourcecode.swift; path = ViewController.swift; sourceTree = "<group>"; };
		51DB99D32B0DD373001340C2 /* Assets.xcassets */ = {isa = PBXFileReference; lastKnownFileType = folder.assetcatalog; path = Assets.xcassets; sourceTree = "<group>"; };
		51DB99D82B0DD373001340C2 /* KagiTabsPreview.entitlements */ = {isa = PBXFileReference; lastKnownFileType = text.plist.entitlements; path = KagiTabsPreview.entitlements; sourceTree = "<group>"; };
		51DEEEB82B0FA11100BEF0FE /* toolbar-items.swift */ = {isa = PBXFileReference; lastKnownFileType = sourcecode.swift; path = "toolbar-items.swift"; sourceTree = "<group>"; };
		51DEEEBA2B0FA4DF00BEF0FE /* TabCollectionViewController.swift */ = {isa = PBXFileReference; lastKnownFileType = sourcecode.swift; path = TabCollectionViewController.swift; sourceTree = "<group>"; };
		51DEEEBB2B0FA4DF00BEF0FE /* TabCollectionViewController.xib */ = {isa = PBXFileReference; lastKnownFileType = file.xib; path = TabCollectionViewController.xib; sourceTree = "<group>"; };
		51DF122C2B15670200E431A7 /* FlexibleToolbarItem.swift */ = {isa = PBXFileReference; lastKnownFileType = sourcecode.swift; path = FlexibleToolbarItem.swift; sourceTree = "<group>"; };
/* End PBXFileReference section */

/* Begin PBXFrameworksBuildPhase section */
		510EF69B2B0A339900178579 /* Frameworks */ = {
			isa = PBXFrameworksBuildPhase;
			buildActionMask = 2147483647;
			files = (
			);
			runOnlyForDeploymentPostprocessing = 0;
		};
		518079492B09552600F0BB5B /* Frameworks */ = {
			isa = PBXFrameworksBuildPhase;
			buildActionMask = 2147483647;
			files = (
			);
			runOnlyForDeploymentPostprocessing = 0;
		};
		51DB99CA2B0DD372001340C2 /* Frameworks */ = {
			isa = PBXFrameworksBuildPhase;
			buildActionMask = 2147483647;
			files = (
			);
			runOnlyForDeploymentPostprocessing = 0;
		};
/* End PBXFrameworksBuildPhase section */

/* Begin PBXGroup section */
		510EF69F2B0A339900178579 /* KagiTabsAppKit */ = {
			isa = PBXGroup;
			children = (
				510EF6A02B0A339900178579 /* AppDelegate.swift */,
				51DB99C12B0D6E3C001340C2 /* BrowserWindowController.swift */,
				51DEEEB82B0FA11100BEF0FE /* toolbar-items.swift */,
				515247DE2B12BEC3000DEA4F /* BrowserToolbarViewController.swift */,
				51DEEEBA2B0FA4DF00BEF0FE /* TabCollectionViewController.swift */,
				51DB99C32B0D85E6001340C2 /* TabViewController.swift */,
				5157E4CD2B0FC7FC00BB669C /* ToolbarViewModel.swift */,
				519C89B52B14135900A6F3EF /* tiled-view-layout.swift */,
				510EF6A42B0A339A00178579 /* Assets.xcassets */,
				510EF6A62B0A339A00178579 /* Main.storyboard */,
				5157E4E42B11EC6700BB669C /* BrowserToolbar.storyboard */,
				5157E4E62B12B7B100BB669C /* BrowserContent.storyboard */,
				51DEEEBB2B0FA4DF00BEF0FE /* TabCollectionViewController.xib */,
				51DB99BF2B0D6B1F001340C2 /* TabViewController.xib */,
				5157E4E32B11EB2800BB669C /* test tab collection layout */,
				510EF6A92B0A339A00178579 /* KagiTabsAppKit.entitlements */,
			);
			path = KagiTabsAppKit;
			sourceTree = "<group>";
		};
		5157E4E32B11EB2800BB669C /* test tab collection layout */ = {
			isa = PBXGroup;
			children = (
				5157E4D92B10497700BB669C /* TabCollectionTest.storyboard */,
			);
			path = "test tab collection layout";
			sourceTree = "<group>";
		};
		518079432B09552600F0BB5B = {
			isa = PBXGroup;
			children = (
				5180794E2B09552600F0BB5B /* KagiTabs */,
				510EF69F2B0A339900178579 /* KagiTabsAppKit */,
				51DB99CE2B0DD372001340C2 /* KagiTabsPreview */,
				5180794D2B09552600F0BB5B /* Products */,
			);
			sourceTree = "<group>";
		};
		5180794D2B09552600F0BB5B /* Products */ = {
			isa = PBXGroup;
			children = (
				5180794C2B09552600F0BB5B /* KagiTabs.app */,
				510EF69E2B0A339900178579 /* KagiTabsAppKit.app */,
				51DB99CD2B0DD372001340C2 /* KagiTabsPreview.app */,
			);
			name = Products;
			sourceTree = "<group>";
		};
		5180794E2B09552600F0BB5B /* KagiTabs */ = {
			isa = PBXGroup;
			children = (
				5180794F2B09552600F0BB5B /* KagiTabsApp.swift */,
				518079512B09552600F0BB5B /* BrowserView.swift */,
				5180795E2B0955B900F0BB5B /* ToolbarView.swift */,
				518079602B096E9700F0BB5B /* TabsView.swift */,
				518079532B09552700F0BB5B /* Assets.xcassets */,
				518079582B09552700F0BB5B /* KagiTabs.entitlements */,
				518079552B09552700F0BB5B /* Preview Content */,
			);
			path = KagiTabs;
			sourceTree = "<group>";
		};
		518079552B09552700F0BB5B /* Preview Content */ = {
			isa = PBXGroup;
			children = (
				518079562B09552700F0BB5B /* Preview Assets.xcassets */,
			);
			path = "Preview Content";
			sourceTree = "<group>";
		};
		51DB99CE2B0DD372001340C2 /* KagiTabsPreview */ = {
			isa = PBXGroup;
			children = (
				51DB99CF2B0DD372001340C2 /* AppDelegate.swift */,
				51DB99D12B0DD372001340C2 /* ViewController.swift */,
				510A5EDE2B1306E200824E5A /* TestDynamicConstraintsViewController.swift */,
				51DF122C2B15670200E431A7 /* FlexibleToolbarItem.swift */,
				5157E4DF2B10930800BB669C /* TestScrollViewController.swift */,
				515247E52B12CC90000DEA4F /* Main.storyboard */,
				519C89B32B1410DB00A6F3EF /* TestLineLayout.xib */,
				5157E4E02B10930800BB669C /* TestScrollViewController.xib */,
				51DB99D32B0DD373001340C2 /* Assets.xcassets */,
				51DB99D82B0DD373001340C2 /* KagiTabsPreview.entitlements */,
			);
			path = KagiTabsPreview;
			sourceTree = "<group>";
		};
/* End PBXGroup section */

/* Begin PBXNativeTarget section */
		510EF69D2B0A339900178579 /* KagiTabsAppKit */ = {
			isa = PBXNativeTarget;
			buildConfigurationList = 510EF6AC2B0A339A00178579 /* Build configuration list for PBXNativeTarget "KagiTabsAppKit" */;
			buildPhases = (
				510EF69A2B0A339900178579 /* Sources */,
				510EF69B2B0A339900178579 /* Frameworks */,
				510EF69C2B0A339900178579 /* Resources */,
			);
			buildRules = (
			);
			dependencies = (
			);
			name = KagiTabsAppKit;
			productName = KagiTabsAppKit;
			productReference = 510EF69E2B0A339900178579 /* KagiTabsAppKit.app */;
			productType = "com.apple.product-type.application";
		};
		5180794B2B09552600F0BB5B /* KagiTabs */ = {
			isa = PBXNativeTarget;
			buildConfigurationList = 5180795B2B09552700F0BB5B /* Build configuration list for PBXNativeTarget "KagiTabs" */;
			buildPhases = (
				518079482B09552600F0BB5B /* Sources */,
				518079492B09552600F0BB5B /* Frameworks */,
				5180794A2B09552600F0BB5B /* Resources */,
			);
			buildRules = (
			);
			dependencies = (
			);
			name = KagiTabs;
			productName = KagiTabs;
			productReference = 5180794C2B09552600F0BB5B /* KagiTabs.app */;
			productType = "com.apple.product-type.application";
		};
		51DB99CC2B0DD372001340C2 /* KagiTabsPreview */ = {
			isa = PBXNativeTarget;
			buildConfigurationList = 51DB99D92B0DD373001340C2 /* Build configuration list for PBXNativeTarget "KagiTabsPreview" */;
			buildPhases = (
				51DB99C92B0DD372001340C2 /* Sources */,
				51DB99CA2B0DD372001340C2 /* Frameworks */,
				51DB99CB2B0DD372001340C2 /* Resources */,
			);
			buildRules = (
			);
			dependencies = (
			);
			name = KagiTabsPreview;
			productName = KagiTabsPreview;
			productReference = 51DB99CD2B0DD372001340C2 /* KagiTabsPreview.app */;
			productType = "com.apple.product-type.application";
		};
/* End PBXNativeTarget section */

/* Begin PBXProject section */
		518079442B09552600F0BB5B /* Project object */ = {
			isa = PBXProject;
			attributes = {
				BuildIndependentTargetsInParallel = 1;
				LastSwiftUpdateCheck = 1500;
				LastUpgradeCheck = 1500;
				TargetAttributes = {
					510EF69D2B0A339900178579 = {
						CreatedOnToolsVersion = 15.0.1;
					};
					5180794B2B09552600F0BB5B = {
						CreatedOnToolsVersion = 15.0.1;
					};
					51DB99CC2B0DD372001340C2 = {
						CreatedOnToolsVersion = 15.0.1;
					};
				};
			};
			buildConfigurationList = 518079472B09552600F0BB5B /* Build configuration list for PBXProject "KagiTabs" */;
			compatibilityVersion = "Xcode 14.0";
			developmentRegion = en;
			hasScannedForEncodings = 0;
			knownRegions = (
				en,
				Base,
			);
			mainGroup = 518079432B09552600F0BB5B;
			productRefGroup = 5180794D2B09552600F0BB5B /* Products */;
			projectDirPath = "";
			projectRoot = "";
			targets = (
				5180794B2B09552600F0BB5B /* KagiTabs */,
				510EF69D2B0A339900178579 /* KagiTabsAppKit */,
				51DB99CC2B0DD372001340C2 /* KagiTabsPreview */,
			);
		};
/* End PBXProject section */

/* Begin PBXResourcesBuildPhase section */
		510EF69C2B0A339900178579 /* Resources */ = {
			isa = PBXResourcesBuildPhase;
			buildActionMask = 2147483647;
			files = (
				510EF6A52B0A339A00178579 /* Assets.xcassets in Resources */,
				5157E4DA2B10497700BB669C /* TabCollectionTest.storyboard in Resources */,
				51DB99C02B0D6B1F001340C2 /* TabViewController.xib in Resources */,
				51CC43082B15B65B00B9FA46 /* TestScrollViewController.xib in Resources */,
				51DEEEBD2B0FA4DF00BEF0FE /* TabCollectionViewController.xib in Resources */,
				510EF6A82B0A339A00178579 /* Main.storyboard in Resources */,
				5157E4E52B11EC6700BB669C /* BrowserToolbar.storyboard in Resources */,
				5157E4E72B12B7B100BB669C /* BrowserContent.storyboard in Resources */,
			);
			runOnlyForDeploymentPostprocessing = 0;
		};
		5180794A2B09552600F0BB5B /* Resources */ = {
			isa = PBXResourcesBuildPhase;
			buildActionMask = 2147483647;
			files = (
				518079572B09552700F0BB5B /* Preview Assets.xcassets in Resources */,
				518079542B09552700F0BB5B /* Assets.xcassets in Resources */,
			);
			runOnlyForDeploymentPostprocessing = 0;
		};
		51DB99CB2B0DD372001340C2 /* Resources */ = {
			isa = PBXResourcesBuildPhase;
			buildActionMask = 2147483647;
			files = (
				51DF122E2B1594D400E431A7 /* TestScrollViewController.xib in Resources */,
				515247E42B12CC4B000DEA4F /* TabCollectionViewController.xib in Resources */,
				515247E62B12CC90000DEA4F /* Main.storyboard in Resources */,
				51DB99D42B0DD373001340C2 /* Assets.xcassets in Resources */,
				51DB99DF2B0DD648001340C2 /* TabViewController.xib in Resources */,
				515247E12B12CBA9000DEA4F /* BrowserContent.storyboard in Resources */,
				519C89B42B1410DB00A6F3EF /* TestLineLayout.xib in Resources */,
			);
			runOnlyForDeploymentPostprocessing = 0;
		};
/* End PBXResourcesBuildPhase section */

/* Begin PBXSourcesBuildPhase section */
		510EF69A2B0A339900178579 /* Sources */ = {
			isa = PBXSourcesBuildPhase;
			buildActionMask = 2147483647;
			files = (
				5157E4CE2B0FC7FC00BB669C /* ToolbarViewModel.swift in Sources */,
				51DB99C42B0D85E6001340C2 /* TabViewController.swift in Sources */,
				51DB99C22B0D6E3C001340C2 /* BrowserWindowController.swift in Sources */,
				519C89B62B14135900A6F3EF /* tiled-view-layout.swift in Sources */,
				510EF6A12B0A339900178579 /* AppDelegate.swift in Sources */,
				51DEEEBC2B0FA4DF00BEF0FE /* TabCollectionViewController.swift in Sources */,
				51DEEEB92B0FA11100BEF0FE /* toolbar-items.swift in Sources */,
				515247DF2B12BEC3000DEA4F /* BrowserToolbarViewController.swift in Sources */,
				51CC43072B15B65B00B9FA46 /* TestScrollViewController.swift in Sources */,
			);
			runOnlyForDeploymentPostprocessing = 0;
		};
		518079482B09552600F0BB5B /* Sources */ = {
			isa = PBXSourcesBuildPhase;
			buildActionMask = 2147483647;
			files = (
				518079522B09552600F0BB5B /* BrowserView.swift in Sources */,
				518079502B09552600F0BB5B /* KagiTabsApp.swift in Sources */,
				518079612B096E9700F0BB5B /* TabsView.swift in Sources */,
				5180795F2B0955B900F0BB5B /* ToolbarView.swift in Sources */,
			);
			runOnlyForDeploymentPostprocessing = 0;
		};
		51DB99C92B0DD372001340C2 /* Sources */ = {
			isa = PBXSourcesBuildPhase;
			buildActionMask = 2147483647;
			files = (
				515247E02B12CB92000DEA4F /* ToolbarViewModel.swift in Sources */,
				51DB99DD2B0DD611001340C2 /* TabViewController.swift in Sources */,
				519C89B72B14137000A6F3EF /* tiled-view-layout.swift in Sources */,
				51DB99D22B0DD372001340C2 /* ViewController.swift in Sources */,
				510A5EDF2B1306E200824E5A /* TestDynamicConstraintsViewController.swift in Sources */,
				51E4EF572B140F6200FAD2F2 /* TestScrollViewController.swift in Sources */,
				515247E22B12CBB7000DEA4F /* BrowserToolbarViewController.swift in Sources */,
				515247E32B12CBBE000DEA4F /* TabCollectionViewController.swift in Sources */,
				51DF122D2B15670200E431A7 /* FlexibleToolbarItem.swift in Sources */,
				51DB99D02B0DD372001340C2 /* AppDelegate.swift in Sources */,
			);
			runOnlyForDeploymentPostprocessing = 0;
		};
/* End PBXSourcesBuildPhase section */

/* Begin PBXVariantGroup section */
		510EF6A62B0A339A00178579 /* Main.storyboard */ = {
			isa = PBXVariantGroup;
			children = (
				510EF6A72B0A339A00178579 /* Base */,
			);
			name = Main.storyboard;
			sourceTree = "<group>";
		};
/* End PBXVariantGroup section */

/* Begin XCBuildConfiguration section */
		510EF6AA2B0A339A00178579 /* Debug */ = {
			isa = XCBuildConfiguration;
			buildSettings = {
				ASSETCATALOG_COMPILER_APPICON_NAME = AppIcon;
				ASSETCATALOG_COMPILER_GLOBAL_ACCENT_COLOR_NAME = AccentColor;
				CODE_SIGN_ENTITLEMENTS = KagiTabsAppKit/KagiTabsAppKit.entitlements;
				CODE_SIGN_STYLE = Automatic;
				COMBINE_HIDPI_IMAGES = YES;
				CURRENT_PROJECT_VERSION = 1;
				DEVELOPMENT_TEAM = XT4CJ9TCMZ;
				ENABLE_HARDENED_RUNTIME = YES;
				GENERATE_INFOPLIST_FILE = YES;
				INFOPLIST_KEY_NSHumanReadableCopyright = "";
				INFOPLIST_KEY_NSMainStoryboardFile = Main;
				INFOPLIST_KEY_NSPrincipalClass = NSApplication;
				LD_RUNPATH_SEARCH_PATHS = (
					"$(inherited)",
					"@executable_path/../Frameworks",
				);
				MACOSX_DEPLOYMENT_TARGET = 11.0;
				MARKETING_VERSION = 1.0;
				PRODUCT_BUNDLE_IDENTIFIER = com.bigbearlabs.KagiTabsAppKit;
				PRODUCT_NAME = "$(TARGET_NAME)";
				SWIFT_EMIT_LOC_STRINGS = YES;
				SWIFT_VERSION = 5.0;
			};
			name = Debug;
		};
		510EF6AB2B0A339A00178579 /* Release */ = {
			isa = XCBuildConfiguration;
			buildSettings = {
				ASSETCATALOG_COMPILER_APPICON_NAME = AppIcon;
				ASSETCATALOG_COMPILER_GLOBAL_ACCENT_COLOR_NAME = AccentColor;
				CODE_SIGN_ENTITLEMENTS = KagiTabsAppKit/KagiTabsAppKit.entitlements;
				CODE_SIGN_STYLE = Automatic;
				COMBINE_HIDPI_IMAGES = YES;
				CURRENT_PROJECT_VERSION = 1;
				DEVELOPMENT_TEAM = XT4CJ9TCMZ;
				ENABLE_HARDENED_RUNTIME = YES;
				GENERATE_INFOPLIST_FILE = YES;
				INFOPLIST_KEY_NSHumanReadableCopyright = "";
				INFOPLIST_KEY_NSMainStoryboardFile = Main;
				INFOPLIST_KEY_NSPrincipalClass = NSApplication;
				LD_RUNPATH_SEARCH_PATHS = (
					"$(inherited)",
					"@executable_path/../Frameworks",
				);
				MACOSX_DEPLOYMENT_TARGET = 11.0;
				MARKETING_VERSION = 1.0;
				PRODUCT_BUNDLE_IDENTIFIER = com.bigbearlabs.KagiTabsAppKit;
				PRODUCT_NAME = "$(TARGET_NAME)";
				SWIFT_EMIT_LOC_STRINGS = YES;
				SWIFT_VERSION = 5.0;
			};
			name = Release;
		};
		518079592B09552700F0BB5B /* Debug */ = {
			isa = XCBuildConfiguration;
			buildSettings = {
				ALWAYS_SEARCH_USER_PATHS = NO;
				ASSETCATALOG_COMPILER_GENERATE_SWIFT_ASSET_SYMBOL_EXTENSIONS = YES;
				CLANG_ANALYZER_NONNULL = YES;
				CLANG_ANALYZER_NUMBER_OBJECT_CONVERSION = YES_AGGRESSIVE;
				CLANG_CXX_LANGUAGE_STANDARD = "gnu++20";
				CLANG_ENABLE_MODULES = YES;
				CLANG_ENABLE_OBJC_ARC = YES;
				CLANG_ENABLE_OBJC_WEAK = YES;
				CLANG_WARN_BLOCK_CAPTURE_AUTORELEASING = YES;
				CLANG_WARN_BOOL_CONVERSION = YES;
				CLANG_WARN_COMMA = YES;
				CLANG_WARN_CONSTANT_CONVERSION = YES;
				CLANG_WARN_DEPRECATED_OBJC_IMPLEMENTATIONS = YES;
				CLANG_WARN_DIRECT_OBJC_ISA_USAGE = YES_ERROR;
				CLANG_WARN_DOCUMENTATION_COMMENTS = YES;
				CLANG_WARN_EMPTY_BODY = YES;
				CLANG_WARN_ENUM_CONVERSION = YES;
				CLANG_WARN_INFINITE_RECURSION = YES;
				CLANG_WARN_INT_CONVERSION = YES;
				CLANG_WARN_NON_LITERAL_NULL_CONVERSION = YES;
				CLANG_WARN_OBJC_IMPLICIT_RETAIN_SELF = YES;
				CLANG_WARN_OBJC_LITERAL_CONVERSION = YES;
				CLANG_WARN_OBJC_ROOT_CLASS = YES_ERROR;
				CLANG_WARN_QUOTED_INCLUDE_IN_FRAMEWORK_HEADER = YES;
				CLANG_WARN_RANGE_LOOP_ANALYSIS = YES;
				CLANG_WARN_STRICT_PROTOTYPES = YES;
				CLANG_WARN_SUSPICIOUS_MOVE = YES;
				CLANG_WARN_UNGUARDED_AVAILABILITY = YES_AGGRESSIVE;
				CLANG_WARN_UNREACHABLE_CODE = YES;
				CLANG_WARN__DUPLICATE_METHOD_MATCH = YES;
				COPY_PHASE_STRIP = NO;
				DEBUG_INFORMATION_FORMAT = dwarf;
				ENABLE_STRICT_OBJC_MSGSEND = YES;
				ENABLE_TESTABILITY = YES;
				ENABLE_USER_SCRIPT_SANDBOXING = YES;
				GCC_C_LANGUAGE_STANDARD = gnu17;
				GCC_DYNAMIC_NO_PIC = NO;
				GCC_NO_COMMON_BLOCKS = YES;
				GCC_OPTIMIZATION_LEVEL = 0;
				GCC_PREPROCESSOR_DEFINITIONS = (
					"DEBUG=1",
					"$(inherited)",
				);
				GCC_WARN_64_TO_32_BIT_CONVERSION = YES;
				GCC_WARN_ABOUT_RETURN_TYPE = YES_ERROR;
				GCC_WARN_UNDECLARED_SELECTOR = YES;
				GCC_WARN_UNINITIALIZED_AUTOS = YES_AGGRESSIVE;
				GCC_WARN_UNUSED_FUNCTION = YES;
				GCC_WARN_UNUSED_VARIABLE = YES;
				LOCALIZATION_PREFERS_STRING_CATALOGS = YES;
				MACOSX_DEPLOYMENT_TARGET = 14.0;
				MTL_ENABLE_DEBUG_INFO = INCLUDE_SOURCE;
				MTL_FAST_MATH = YES;
				ONLY_ACTIVE_ARCH = YES;
				SDKROOT = macosx;
				SWIFT_ACTIVE_COMPILATION_CONDITIONS = "DEBUG $(inherited)";
				SWIFT_OPTIMIZATION_LEVEL = "-Onone";
			};
			name = Debug;
		};
		5180795A2B09552700F0BB5B /* Release */ = {
			isa = XCBuildConfiguration;
			buildSettings = {
				ALWAYS_SEARCH_USER_PATHS = NO;
				ASSETCATALOG_COMPILER_GENERATE_SWIFT_ASSET_SYMBOL_EXTENSIONS = YES;
				CLANG_ANALYZER_NONNULL = YES;
				CLANG_ANALYZER_NUMBER_OBJECT_CONVERSION = YES_AGGRESSIVE;
				CLANG_CXX_LANGUAGE_STANDARD = "gnu++20";
				CLANG_ENABLE_MODULES = YES;
				CLANG_ENABLE_OBJC_ARC = YES;
				CLANG_ENABLE_OBJC_WEAK = YES;
				CLANG_WARN_BLOCK_CAPTURE_AUTORELEASING = YES;
				CLANG_WARN_BOOL_CONVERSION = YES;
				CLANG_WARN_COMMA = YES;
				CLANG_WARN_CONSTANT_CONVERSION = YES;
				CLANG_WARN_DEPRECATED_OBJC_IMPLEMENTATIONS = YES;
				CLANG_WARN_DIRECT_OBJC_ISA_USAGE = YES_ERROR;
				CLANG_WARN_DOCUMENTATION_COMMENTS = YES;
				CLANG_WARN_EMPTY_BODY = YES;
				CLANG_WARN_ENUM_CONVERSION = YES;
				CLANG_WARN_INFINITE_RECURSION = YES;
				CLANG_WARN_INT_CONVERSION = YES;
				CLANG_WARN_NON_LITERAL_NULL_CONVERSION = YES;
				CLANG_WARN_OBJC_IMPLICIT_RETAIN_SELF = YES;
				CLANG_WARN_OBJC_LITERAL_CONVERSION = YES;
				CLANG_WARN_OBJC_ROOT_CLASS = YES_ERROR;
				CLANG_WARN_QUOTED_INCLUDE_IN_FRAMEWORK_HEADER = YES;
				CLANG_WARN_RANGE_LOOP_ANALYSIS = YES;
				CLANG_WARN_STRICT_PROTOTYPES = YES;
				CLANG_WARN_SUSPICIOUS_MOVE = YES;
				CLANG_WARN_UNGUARDED_AVAILABILITY = YES_AGGRESSIVE;
				CLANG_WARN_UNREACHABLE_CODE = YES;
				CLANG_WARN__DUPLICATE_METHOD_MATCH = YES;
				COPY_PHASE_STRIP = NO;
				DEBUG_INFORMATION_FORMAT = "dwarf-with-dsym";
				ENABLE_NS_ASSERTIONS = NO;
				ENABLE_STRICT_OBJC_MSGSEND = YES;
				ENABLE_USER_SCRIPT_SANDBOXING = YES;
				GCC_C_LANGUAGE_STANDARD = gnu17;
				GCC_NO_COMMON_BLOCKS = YES;
				GCC_WARN_64_TO_32_BIT_CONVERSION = YES;
				GCC_WARN_ABOUT_RETURN_TYPE = YES_ERROR;
				GCC_WARN_UNDECLARED_SELECTOR = YES;
				GCC_WARN_UNINITIALIZED_AUTOS = YES_AGGRESSIVE;
				GCC_WARN_UNUSED_FUNCTION = YES;
				GCC_WARN_UNUSED_VARIABLE = YES;
				LOCALIZATION_PREFERS_STRING_CATALOGS = YES;
				MACOSX_DEPLOYMENT_TARGET = 14.0;
				MTL_ENABLE_DEBUG_INFO = NO;
				MTL_FAST_MATH = YES;
				SDKROOT = macosx;
				SWIFT_COMPILATION_MODE = wholemodule;
			};
			name = Release;
		};
		5180795C2B09552700F0BB5B /* Debug */ = {
			isa = XCBuildConfiguration;
			buildSettings = {
				ASSETCATALOG_COMPILER_APPICON_NAME = AppIcon;
				ASSETCATALOG_COMPILER_GLOBAL_ACCENT_COLOR_NAME = AccentColor;
				CODE_SIGN_ENTITLEMENTS = KagiTabs/KagiTabs.entitlements;
				CODE_SIGN_STYLE = Automatic;
				COMBINE_HIDPI_IMAGES = YES;
				CURRENT_PROJECT_VERSION = 1;
				DEVELOPMENT_ASSET_PATHS = "\"KagiTabs/Preview Content\"";
				DEVELOPMENT_TEAM = XT4CJ9TCMZ;
				ENABLE_HARDENED_RUNTIME = YES;
				ENABLE_PREVIEWS = YES;
				GENERATE_INFOPLIST_FILE = YES;
				INFOPLIST_KEY_NSHumanReadableCopyright = "";
				LD_RUNPATH_SEARCH_PATHS = (
					"$(inherited)",
					"@executable_path/../Frameworks",
				);
				MACOSX_DEPLOYMENT_TARGET = 11.0;
				MARKETING_VERSION = 1.0;
				PRODUCT_BUNDLE_IDENTIFIER = com.bigbearlabs.KagiTabs;
				PRODUCT_NAME = "$(TARGET_NAME)";
				SWIFT_EMIT_LOC_STRINGS = YES;
				SWIFT_VERSION = 5.0;
			};
			name = Debug;
		};
		5180795D2B09552700F0BB5B /* Release */ = {
			isa = XCBuildConfiguration;
			buildSettings = {
				ASSETCATALOG_COMPILER_APPICON_NAME = AppIcon;
				ASSETCATALOG_COMPILER_GLOBAL_ACCENT_COLOR_NAME = AccentColor;
				CODE_SIGN_ENTITLEMENTS = KagiTabs/KagiTabs.entitlements;
				CODE_SIGN_STYLE = Automatic;
				COMBINE_HIDPI_IMAGES = YES;
				CURRENT_PROJECT_VERSION = 1;
				DEVELOPMENT_ASSET_PATHS = "\"KagiTabs/Preview Content\"";
				DEVELOPMENT_TEAM = XT4CJ9TCMZ;
				ENABLE_HARDENED_RUNTIME = YES;
				ENABLE_PREVIEWS = YES;
				GENERATE_INFOPLIST_FILE = YES;
				INFOPLIST_KEY_NSHumanReadableCopyright = "";
				LD_RUNPATH_SEARCH_PATHS = (
					"$(inherited)",
					"@executable_path/../Frameworks",
				);
				MACOSX_DEPLOYMENT_TARGET = 11.0;
				MARKETING_VERSION = 1.0;
				PRODUCT_BUNDLE_IDENTIFIER = com.bigbearlabs.KagiTabs;
				PRODUCT_NAME = "$(TARGET_NAME)";
				SWIFT_EMIT_LOC_STRINGS = YES;
				SWIFT_VERSION = 5.0;
			};
			name = Release;
		};
		51DB99DA2B0DD373001340C2 /* Debug */ = {
			isa = XCBuildConfiguration;
			buildSettings = {
				ASSETCATALOG_COMPILER_APPICON_NAME = AppIcon;
				ASSETCATALOG_COMPILER_GLOBAL_ACCENT_COLOR_NAME = AccentColor;
				CODE_SIGN_ENTITLEMENTS = KagiTabsPreview/KagiTabsPreview.entitlements;
				CODE_SIGN_STYLE = Automatic;
				COMBINE_HIDPI_IMAGES = YES;
				CURRENT_PROJECT_VERSION = 1;
				DEVELOPMENT_TEAM = XT4CJ9TCMZ;
				ENABLE_HARDENED_RUNTIME = YES;
				GENERATE_INFOPLIST_FILE = YES;
				INFOPLIST_KEY_NSHumanReadableCopyright = "";
				INFOPLIST_KEY_NSMainStoryboardFile = Main;
				INFOPLIST_KEY_NSPrincipalClass = NSApplication;
				LD_RUNPATH_SEARCH_PATHS = (
					"$(inherited)",
					"@executable_path/../Frameworks",
				);
				MARKETING_VERSION = 1.0;
				PRODUCT_BUNDLE_IDENTIFIER = com.bigbearlabs.KagiTabsPreview;
				PRODUCT_NAME = "$(TARGET_NAME)";
				SWIFT_EMIT_LOC_STRINGS = YES;
				SWIFT_VERSION = 5.0;
			};
			name = Debug;
		};
		51DB99DB2B0DD373001340C2 /* Release */ = {
			isa = XCBuildConfiguration;
			buildSettings = {
				ASSETCATALOG_COMPILER_APPICON_NAME = AppIcon;
				ASSETCATALOG_COMPILER_GLOBAL_ACCENT_COLOR_NAME = AccentColor;
				CODE_SIGN_ENTITLEMENTS = KagiTabsPreview/KagiTabsPreview.entitlements;
				CODE_SIGN_STYLE = Automatic;
				COMBINE_HIDPI_IMAGES = YES;
				CURRENT_PROJECT_VERSION = 1;
				DEVELOPMENT_TEAM = XT4CJ9TCMZ;
				ENABLE_HARDENED_RUNTIME = YES;
				GENERATE_INFOPLIST_FILE = YES;
				INFOPLIST_KEY_NSHumanReadableCopyright = "";
				INFOPLIST_KEY_NSMainStoryboardFile = Main;
				INFOPLIST_KEY_NSPrincipalClass = NSApplication;
				LD_RUNPATH_SEARCH_PATHS = (
					"$(inherited)",
					"@executable_path/../Frameworks",
				);
				MARKETING_VERSION = 1.0;
				PRODUCT_BUNDLE_IDENTIFIER = com.bigbearlabs.KagiTabsPreview;
				PRODUCT_NAME = "$(TARGET_NAME)";
				SWIFT_EMIT_LOC_STRINGS = YES;
				SWIFT_VERSION = 5.0;
			};
			name = Release;
		};
/* End XCBuildConfiguration section */

/* Begin XCConfigurationList section */
		510EF6AC2B0A339A00178579 /* Build configuration list for PBXNativeTarget "KagiTabsAppKit" */ = {
			isa = XCConfigurationList;
			buildConfigurations = (
				510EF6AA2B0A339A00178579 /* Debug */,
				510EF6AB2B0A339A00178579 /* Release */,
			);
			defaultConfigurationIsVisible = 0;
			defaultConfigurationName = Release;
		};
		518079472B09552600F0BB5B /* Build configuration list for PBXProject "KagiTabs" */ = {
			isa = XCConfigurationList;
			buildConfigurations = (
				518079592B09552700F0BB5B /* Debug */,
				5180795A2B09552700F0BB5B /* Release */,
			);
			defaultConfigurationIsVisible = 0;
			defaultConfigurationName = Release;
		};
		5180795B2B09552700F0BB5B /* Build configuration list for PBXNativeTarget "KagiTabs" */ = {
			isa = XCConfigurationList;
			buildConfigurations = (
				5180795C2B09552700F0BB5B /* Debug */,
				5180795D2B09552700F0BB5B /* Release */,
			);
			defaultConfigurationIsVisible = 0;
			defaultConfigurationName = Release;
		};
		51DB99D92B0DD373001340C2 /* Build configuration list for PBXNativeTarget "KagiTabsPreview" */ = {
			isa = XCConfigurationList;
			buildConfigurations = (
				51DB99DA2B0DD373001340C2 /* Debug */,
				51DB99DB2B0DD373001340C2 /* Release */,
			);
			defaultConfigurationIsVisible = 0;
			defaultConfigurationName = Release;
		};
/* End XCConfigurationList section */
	};
	rootObject = 518079442B09552600F0BB5B /* Project object */;
}
